// !$*UTF8*$!
{
	archiveVersion = 1;
	classes = {
	};
	objectVersion = 46;
	objects = {

/* Begin PBXBuildFile section */
		101964F51CC3F72E0088D7CC /* AppDelegate.swift in Sources */ = {isa = PBXBuildFile; fileRef = 101964F41CC3F72E0088D7CC /* AppDelegate.swift */; };
		101964F71CC3F72E0088D7CC /* ViewController.swift in Sources */ = {isa = PBXBuildFile; fileRef = 101964F61CC3F72E0088D7CC /* ViewController.swift */; };
		101964FA1CC3F72E0088D7CC /* Main.storyboard in Resources */ = {isa = PBXBuildFile; fileRef = 101964F81CC3F72E0088D7CC /* Main.storyboard */; };
		101964FC1CC3F72E0088D7CC /* Assets.xcassets in Resources */ = {isa = PBXBuildFile; fileRef = 101964FB1CC3F72E0088D7CC /* Assets.xcassets */; };
		101964FF1CC3F72E0088D7CC /* LaunchScreen.storyboard in Resources */ = {isa = PBXBuildFile; fileRef = 101964FD1CC3F72E0088D7CC /* LaunchScreen.storyboard */; };
		10CB2A7C1CC41195008AA6BD /* Person.swift in Sources */ = {isa = PBXBuildFile; fileRef = 10CB2A7B1CC41195008AA6BD /* Person.swift */; };
/* End PBXBuildFile section */

/* Begin PBXFileReference section */
		101964F11CC3F72E0088D7CC /* urlConnection.app */ = {isa = PBXFileReference; explicitFileType = wrapper.application; includeInIndex = 0; path = urlConnection.app; sourceTree = BUILT_PRODUCTS_DIR; };
		101964F41CC3F72E0088D7CC /* AppDelegate.swift */ = {isa = PBXFileReference; lastKnownFileType = sourcecode.swift; path = AppDelegate.swift; sourceTree = "<group>"; };
		101964F61CC3F72E0088D7CC /* ViewController.swift */ = {isa = PBXFileReference; lastKnownFileType = sourcecode.swift; path = ViewController.swift; sourceTree = "<group>"; };
		101964F91CC3F72E0088D7CC /* Base */ = {isa = PBXFileReference; lastKnownFileType = file.storyboard; name = Base; path = Base.lproj/Main.storyboard; sourceTree = "<group>"; };
		101964FB1CC3F72E0088D7CC /* Assets.xcassets */ = {isa = PBXFileReference; lastKnownFileType = folder.assetcatalog; path = Assets.xcassets; sourceTree = "<group>"; };
		101964FE1CC3F72E0088D7CC /* Base */ = {isa = PBXFileReference; lastKnownFileType = file.storyboard; name = Base; path = Base.lproj/LaunchScreen.storyboard; sourceTree = "<group>"; };
		101965001CC3F72E0088D7CC /* Info.plist */ = {isa = PBXFileReference; lastKnownFileType = text.plist.xml; path = Info.plist; sourceTree = "<group>"; };
		10CB2A7B1CC41195008AA6BD /* Person.swift */ = {isa = PBXFileReference; fileEncoding = 4; lastKnownFileType = sourcecode.swift; path = Person.swift; sourceTree = "<group>"; };
/* End PBXFileReference section */

/* Begin PBXFrameworksBuildPhase section */
		101964EE1CC3F72E0088D7CC /* Frameworks */ = {
			isa = PBXFrameworksBuildPhase;
			buildActionMask = 2147483647;
			files = (
			);
			runOnlyForDeploymentPostprocessing = 0;
		};
/* End PBXFrameworksBuildPhase section */

/* Begin PBXGroup section */
		101964E81CC3F72E0088D7CC = {
			isa = PBXGroup;
			children = (
				101964F31CC3F72E0088D7CC /* urlConnection */,
				101964F21CC3F72E0088D7CC /* Products */,
			);
			sourceTree = "<group>";
		};
		101964F21CC3F72E0088D7CC /* Products */ = {
			isa = PBXGroup;
			children = (
				101964F11CC3F72E0088D7CC /* urlConnection.app */,
			);
			name = Products;
			sourceTree = "<group>";
		};
		101964F31CC3F72E0088D7CC /* urlConnection */ = {
			isa = PBXGroup;
			children = (
				101964F41CC3F72E0088D7CC /* AppDelegate.swift */,
				101964F61CC3F72E0088D7CC /* ViewController.swift */,
				10CB2A7A1CC41172008AA6BD /* Model */,
				101964F81CC3F72E0088D7CC /* Main.storyboard */,
				101964FB1CC3F72E0088D7CC /* Assets.xcassets */,
				101964FD1CC3F72E0088D7CC /* LaunchScreen.storyboard */,
				101965001CC3F72E0088D7CC /* Info.plist */,
			);
			path = urlConnection;
			sourceTree = "<group>";
		};
		10CB2A7A1CC41172008AA6BD /* Model */ = {
			isa = PBXGroup;
			children = (
				10CB2A7B1CC41195008AA6BD /* Person.swift */,
			);
			name = Model;
			sourceTree = "<group>";
		};
/* End PBXGroup section */

/* Begin PBXNativeTarget section */
		101964F01CC3F72E0088D7CC /* urlConnection */ = {
			isa = PBXNativeTarget;
			buildConfigurationList = 101965031CC3F72E0088D7CC /* Build configuration list for PBXNativeTarget "urlConnection" */;
			buildPhases = (
				101964ED1CC3F72E0088D7CC /* Sources */,
				101964EE1CC3F72E0088D7CC /* Frameworks */,
				101964EF1CC3F72E0088D7CC /* Resources */,
			);
			buildRules = (
			);
			dependencies = (
			);
			name = urlConnection;
			productName = urlConnection;
			productReference = 101964F11CC3F72E0088D7CC /* urlConnection.app */;
			productType = "com.apple.product-type.application";
		};
/* End PBXNativeTarget section */

/* Begin PBXProject section */
		101964E91CC3F72E0088D7CC /* Project object */ = {
			isa = PBXProject;
			attributes = {
				LastSwiftUpdateCheck = 0730;
				LastUpgradeCheck = 0730;
				ORGANIZATIONNAME = "rohit FNU";
				TargetAttributes = {
					101964F01CC3F72E0088D7CC = {
						CreatedOnToolsVersion = 7.3;
					};
				};
			};
			buildConfigurationList = 101964EC1CC3F72E0088D7CC /* Build configuration list for PBXProject "urlConnection" */;
			compatibilityVersion = "Xcode 3.2";
			developmentRegion = English;
			hasScannedForEncodings = 0;
			knownRegions = (
				en,
				Base,
			);
			mainGroup = 101964E81CC3F72E0088D7CC;
			productRefGroup = 101964F21CC3F72E0088D7CC /* Products */;
			projectDirPath = "";
			projectRoot = "";
			targets = (
				101964F01CC3F72E0088D7CC /* urlConnection */,
			);
		};
/* End PBXProject section */

/* Begin PBXResourcesBuildPhase section */
		101964EF1CC3F72E0088D7CC /* Resources */ = {
			isa = PBXResourcesBuildPhase;
			buildActionMask = 2147483647;
			files = (
				101964FF1CC3F72E0088D7CC /* LaunchScreen.storyboard in Resources */,
				101964FC1CC3F72E0088D7CC /* Assets.xcassets in Resources */,
				101964FA1CC3F72E0088D7CC /* Main.storyboard in Resources */,
			);
			runOnlyForDeploymentPostprocessing = 0;
		};
/* End PBXResourcesBuildPhase section */

/* Begin PBXSourcesBuildPhase section */
		101964ED1CC3F72E0088D7CC /* Sources */ = {
			isa = PBXSourcesBuildPhase;
			buildActionMask = 2147483647;
			files = (
				10CB2A7C1CC41195008AA6BD /* Person.swift in Sources */,
				101964F71CC3F72E0088D7CC /* ViewController.swift in Sources */,
				101964F51CC3F72E0088D7CC /* AppDelegate.swift in Sources */,
			);
			runOnlyForDeploymentPostprocessing = 0;
		};
/* End PBXSourcesBuildPhase section */

/* Begin PBXVariantGroup section */
		101964F81CC3F72E0088D7CC /* Main.storyboard */ = {
			isa = PBXVariantGroup;
			children = (
				101964F91CC3F72E0088D7CC /* Base */,
			);
			name = Main.storyboard;
			sourceTree = "<group>";
		};
		101964FD1CC3F72E0088D7CC /* LaunchScreen.storyboard */ = {
			isa = PBXVariantGroup;
			children = (
				101964FE1CC3F72E0088D7CC /* Base */,
			);
			name = LaunchScreen.storyboard;
			sourceTree = "<group>";
		};
/* End PBXVariantGroup section */

/* Begin XCBuildConfiguration section */
		101965011CC3F72E0088D7CC /* Debug */ = {
			isa = XCBuildConfiguration;
			buildSettings = {
				ALWAYS_SEARCH_USER_PATHS = NO;
				CLANG_ANALYZER_NONNULL = YES;
				CLANG_CXX_LANGUAGE_STANDARD = "gnu++0x";
				CLANG_CXX_LIBRARY = "libc++";
				CLANG_ENABLE_MODULES = YES;
				CLANG_ENABLE_OBJC_ARC = YES;
				CLANG_WARN_BOOL_CONVERSION = YES;
				CLANG_WARN_CONSTANT_CONVERSION = YES;
				CLANG_WARN_DIRECT_OBJC_ISA_USAGE = YES_ERROR;
				CLANG_WARN_EMPTY_BODY = YES;
				CLANG_WARN_ENUM_CONVERSION = YES;
				CLANG_WARN_INT_CONVERSION = YES;
				CLANG_WARN_OBJC_ROOT_CLASS = YES_ERROR;
				CLANG_WARN_UNREACHABLE_CODE = YES;
				CLANG_WARN__DUPLICATE_METHOD_MATCH = YES;
				"CODE_SIGN_IDENTITY[sdk=iphoneos*]" = "iPhone Developer";
				COPY_PHASE_STRIP = NO;
				DEBUG_INFORMATION_FORMAT = dwarf;
				ENABLE_STRICT_OBJC_MSGSEND = YES;
				ENABLE_TESTABILITY = YES;
				GCC_C_LANGUAGE_STANDARD = gnu99;
				GCC_DYNAMIC_NO_PIC = NO;
				GCC_NO_COMMON_BLOCKS = YES;
				GCC_OPTIMIZATION_LEVEL = 0;
				GCC_PREPROCESSOR_DEFINITIONS = (
					"DEBUG=1",
					"$(inherited)",
				);
				GCC_WARN_64_TO_32_BIT_CONVERSION = YES;
				GCC_WARN_ABOUT_RETURN_TYPE = YES_ERROR;
				GCC_WARN_UNDECLARED_SELECTOR = YES;
				GCC_WARN_UNINITIALIZED_AUTOS = YES_AGGRESSIVE;
				GCC_WARN_UNUSED_FUNCTION = YES;
				GCC_WARN_UNUSED_VARIABLE = YES;
				IPHONEOS_DEPLOYMENT_TARGET = 9.3;
				MTL_ENABLE_DEBUG_INFO = YES;
				ONLY_ACTIVE_ARCH = YES;
				SDKROOT = iphoneos;
				SWIFT_OPTIMIZATION_LEVEL = "-Onone";
			};
			name = Debug;
		};
		101965021CC3F72E0088D7CC /* Release */ = {
			isa = XCBuildConfiguration;
			buildSettings = {
				ALWAYS_SEARCH_USER_PATHS = NO;
				CLANG_ANALYZER_NONNULL = YES;
				CLANG_CXX_LANGUAGE_STANDARD = "gnu++0x";
				CLANG_CXX_LIBRARY = "libc++";
				CLANG_ENABLE_MODULES = YES;
				CLANG_ENABLE_OBJC_ARC = YES;
				CLANG_WARN_BOOL_CONVERSION = YES;
				CLANG_WARN_CONSTANT_CONVERSION = YES;
				CLANG_WARN_DIRECT_OBJC_ISA_USAGE = YES_ERROR;
				CLANG_WARN_EMPTY_BODY = YES;
				CLANG_WARN_ENUM_CONVERSION = YES;
				CLANG_WARN_INT_CONVERSION = YES;
				CLANG_WARN_OBJC_ROOT_CLASS = YES_ERROR;
				CLANG_WARN_UNREACHABLE_CODE = YES;
				CLANG_WARN__DUPLICATE_METHOD_MATCH = YES;
				"CODE_SIGN_IDENTITY[sdk=iphoneos*]" = "iPhone Developer";
				COPY_PHASE_STRIP = NO;
				DEBUG_INFORMATION_FORMAT = "dwarf-with-dsym";
				ENABLE_NS_ASSERTIONS = NO;
				ENABLE_STRICT_OBJC_MSGSEND = YES;
				GCC_C_LANGUAGE_STANDARD = gnu99;
				GCC_NO_COMMON_BLOCKS = YES;
				GCC_WARN_64_TO_32_BIT_CONVERSION = YES;
				GCC_WARN_ABOUT_RETURN_TYPE = YES_ERROR;
				GCC_WARN_UNDECLARED_SELECTOR = YES;
				GCC_WARN_UNINITIALIZED_AUTOS = YES_AGGRESSIVE;
				GCC_WARN_UNUSED_FUNCTION = YES;
				GCC_WARN_UNUSED_VARIABLE = YES;
				IPHONEOS_DEPLOYMENT_TARGET = 9.3;
				MTL_ENABLE_DEBUG_INFO = NO;
				SDKROOT = iphoneos;
				VALIDATE_PRODUCT = YES;
			};
			name = Release;
		};
		101965041CC3F72E0088D7CC /* Debug */ = {
			isa = XCBuildConfiguration;
			buildSettings = {
				ASSETCATALOG_COMPILER_APPICON_NAME = AppIcon;
				INFOPLIST_FILE = urlConnection/Info.plist;
				LD_RUNPATH_SEARCH_PATHS = "$(inherited) @executable_path/Frameworks";
				PRODUCT_BUNDLE_IDENTIFIER = rohit.urlConnection;
				PRODUCT_NAME = "$(TARGET_NAME)";
			};
			name = Debug;
		};
		101965051CC3F72E0088D7CC /* Release */ = {
			isa = XCBuildConfiguration;
			buildSettings = {
				ASSETCATALOG_COMPILER_APPICON_NAME = AppIcon;
				INFOPLIST_FILE = urlConnection/Info.plist;
				LD_RUNPATH_SEARCH_PATHS = "$(inherited) @executable_path/Frameworks";
				PRODUCT_BUNDLE_IDENTIFIER = rohit.urlConnection;
				PRODUCT_NAME = "$(TARGET_NAME)";
			};
			name = Release;
		};
/* End XCBuildConfiguration section */

/* Begin XCConfigurationList section */
		101964EC1CC3F72E0088D7CC /* Build configuration list for PBXProject "urlConnection" */ = {
			isa = XCConfigurationList;
			buildConfigurations = (
				101965011CC3F72E0088D7CC /* Debug */,
				101965021CC3F72E0088D7CC /* Release */,
			);
			defaultConfigurationIsVisible = 0;
			defaultConfigurationName = Release;
		};
		101965031CC3F72E0088D7CC /* Build configuration list for PBXNativeTarget "urlConnection" */ = {
			isa = XCConfigurationList;
			buildConfigurations = (
				101965041CC3F72E0088D7CC /* Debug */,
				101965051CC3F72E0088D7CC /* Release */,
			);
			defaultConfigurationIsVisible = 0;
			defaultConfigurationName = Release;
		};
/* End XCConfigurationList section */
	};
	rootObject = 101964E91CC3F72E0088D7CC /* Project object */;
}
